
Microsoft Visual Studio Solution File, Format Version 12.00
# Visual Studio Version 16
VisualStudioVersion = 16.0.28803.352
MinimumVisualStudioVersion = 10.0.40219.1
Project("{FAE04EC0-301F-11D3-BF4B-00C04F79EFBC}") = "VeritabaniOdev", "VeritabaniOdev\VeritabaniOdev.csproj", "{BFC75A98-C5E5-4741-A0E5-9EC792728A34}"
EndProject
Global
	GlobalSection(SolutionConfigurationPlatforms) = preSolution
		Debug|Any CPU = Debug|Any CPU
		Release|Any CPU = Release|Any CPU
	EndGlobalSection
	GlobalSection(ProjectConfigurationPlatforms) = postSolution
		{BFC75A98-C5E5-4741-A0E5-9EC792728A34}.Debug|Any CPU.ActiveCfg = Debug|Any CPU
		{BFC75A98-C5E5-4741-A0E5-9EC792728A34}.Debug|Any CPU.Build.0 = Debug|Any CPU
		{BFC75A98-C5E5-4741-A0E5-9EC792728A34}.Release|Any CPU.ActiveCfg = Release|Any CPU
		{BFC75A98-C5E5-4741-A0E5-9EC792728A34}.Release|Any CPU.Build.0 = Release|Any CPU
	EndGlobalSection
	GlobalSection(SolutionProperties) = preSolution
		HideSolutionNode = FALSE
	EndGlobalSection
	GlobalSection(ExtensibilityGlobals) = postSolution
		SolutionGuid = {D5D19145-3ECD-47CF-90ED-C66A11C1F363}
	EndGlobalSection
EndGlobal
